
Microsoft Visual Studio Solution File, Format Version 12.00
# Visual Studio Version 17
VisualStudioVersion = 17.10.34607.79
MinimumVisualStudioVersion = 10.0.40219.1
Project("{FAE04EC0-301F-11D3-BF4B-00C04F79EFBC}") = "FfmpegWrapper", "FfmpegWrapper\FfmpegWrapper.csproj", "{EB70D6D6-2A5E-47FB-84C3-C1D8031663AF}"
EndProject
Global
	GlobalSection(SolutionConfigurationPlatforms) = preSolution
		Debug|Any CPU = Debug|Any CPU
		Release|Any CPU = Release|Any CPU
	EndGlobalSection
	GlobalSection(ProjectConfigurationPlatforms) = postSolution
		{EB70D6D6-2A5E-47FB-84C3-C1D8031663AF}.Debug|Any CPU.ActiveCfg = Debug|Any CPU
		{EB70D6D6-2A5E-47FB-84C3-C1D8031663AF}.Debug|Any CPU.Build.0 = Debug|Any CPU
		{EB70D6D6-2A5E-47FB-84C3-C1D8031663AF}.Release|Any CPU.ActiveCfg = Release|Any CPU
		{EB70D6D6-2A5E-47FB-84C3-C1D8031663AF}.Release|Any CPU.Build.0 = Release|Any CPU
	EndGlobalSection
	GlobalSection(SolutionProperties) = preSolution
		HideSolutionNode = FALSE
	EndGlobalSection
	GlobalSection(ExtensibilityGlobals) = postSolution
		SolutionGuid = {264C1BF7-CC3B-4BDB-ABCD-CBBD6CC74785}
	EndGlobalSection
EndGlobal
